// !$*UTF8*$!
{
	archiveVersion = 1;
	classes = {
	};
	objectVersion = 56;
	objects = {

/* Begin PBXBuildFile section */
		3B1C82C429A51FFB004B9E15 /* EmojiRatingView.swift in Sources */ = {isa = PBXBuildFile; fileRef = 3B1C82C329A51FFB004B9E15 /* EmojiRatingView.swift */; };
		3B82B4B129A503B500CAD7BB /* RatingView.swift in Sources */ = {isa = PBXBuildFile; fileRef = 3B82B4B029A503B500CAD7BB /* RatingView.swift */; };
		3BC3C6C429A4D2F000F54F04 /* ReaditApp.swift in Sources */ = {isa = PBXBuildFile; fileRef = 3BC3C6C329A4D2F000F54F04 /* ReaditApp.swift */; };
		3BC3C6C629A4D2F000F54F04 /* ContentView.swift in Sources */ = {isa = PBXBuildFile; fileRef = 3BC3C6C529A4D2F000F54F04 /* ContentView.swift */; };
		3BC3C6C829A4D2F600F54F04 /* Assets.xcassets in Resources */ = {isa = PBXBuildFile; fileRef = 3BC3C6C729A4D2F600F54F04 /* Assets.xcassets */; };
		3BC3C6CB29A4D2F600F54F04 /* Preview Assets.xcassets in Resources */ = {isa = PBXBuildFile; fileRef = 3BC3C6CA29A4D2F600F54F04 /* Preview Assets.xcassets */; };
		3BC3C6D529A4D2F600F54F04 /* ReaditTests.swift in Sources */ = {isa = PBXBuildFile; fileRef = 3BC3C6D429A4D2F600F54F04 /* ReaditTests.swift */; };
		3BC3C6DF29A4D2F600F54F04 /* ReaditUITests.swift in Sources */ = {isa = PBXBuildFile; fileRef = 3BC3C6DE29A4D2F600F54F04 /* ReaditUITests.swift */; };
		3BC3C6E129A4D2F600F54F04 /* ReaditUITestsLaunchTests.swift in Sources */ = {isa = PBXBuildFile; fileRef = 3BC3C6E029A4D2F600F54F04 /* ReaditUITestsLaunchTests.swift */; };
		3BC3C6EF29A4D30D00F54F04 /* Readit.xcdatamodeld in Sources */ = {isa = PBXBuildFile; fileRef = 3BC3C6ED29A4D30D00F54F04 /* Readit.xcdatamodeld */; };
		3BC3C6F129A4D36A00F54F04 /* DataController.swift in Sources */ = {isa = PBXBuildFile; fileRef = 3BC3C6F029A4D36A00F54F04 /* DataController.swift */; };
		3BDBA91729A4DF1B0050DE19 /* AddBookView.swift in Sources */ = {isa = PBXBuildFile; fileRef = 3BDBA91629A4DF1B0050DE19 /* AddBookView.swift */; };
/* End PBXBuildFile section */

/* Begin PBXContainerItemProxy section */
		3BC3C6D129A4D2F600F54F04 /* PBXContainerItemProxy */ = {
			isa = PBXContainerItemProxy;
			containerPortal = 3BC3C6B829A4D2F000F54F04 /* Project object */;
			proxyType = 1;
			remoteGlobalIDString = 3BC3C6BF29A4D2F000F54F04;
			remoteInfo = Readit;
		};
		3BC3C6DB29A4D2F600F54F04 /* PBXContainerItemProxy */ = {
			isa = PBXContainerItemProxy;
			containerPortal = 3BC3C6B829A4D2F000F54F04 /* Project object */;
			proxyType = 1;
			remoteGlobalIDString = 3BC3C6BF29A4D2F000F54F04;
			remoteInfo = Readit;
		};
/* End PBXContainerItemProxy section */

/* Begin PBXFileReference section */
		3B1C82C329A51FFB004B9E15 /* EmojiRatingView.swift */ = {isa = PBXFileReference; lastKnownFileType = sourcecode.swift; path = EmojiRatingView.swift; sourceTree = "<group>"; };
		3B82B4B029A503B500CAD7BB /* RatingView.swift */ = {isa = PBXFileReference; lastKnownFileType = sourcecode.swift; path = RatingView.swift; sourceTree = "<group>"; };
		3BC3C6C029A4D2F000F54F04 /* Readit.app */ = {isa = PBXFileReference; explicitFileType = wrapper.application; includeInIndex = 0; path = Readit.app; sourceTree = BUILT_PRODUCTS_DIR; };
		3BC3C6C329A4D2F000F54F04 /* ReaditApp.swift */ = {isa = PBXFileReference; lastKnownFileType = sourcecode.swift; path = ReaditApp.swift; sourceTree = "<group>"; };
		3BC3C6C529A4D2F000F54F04 /* ContentView.swift */ = {isa = PBXFileReference; lastKnownFileType = sourcecode.swift; path = ContentView.swift; sourceTree = "<group>"; };
		3BC3C6C729A4D2F600F54F04 /* Assets.xcassets */ = {isa = PBXFileReference; lastKnownFileType = folder.assetcatalog; path = Assets.xcassets; sourceTree = "<group>"; };
		3BC3C6CA29A4D2F600F54F04 /* Preview Assets.xcassets */ = {isa = PBXFileReference; lastKnownFileType = folder.assetcatalog; path = "Preview Assets.xcassets"; sourceTree = "<group>"; };
		3BC3C6D029A4D2F600F54F04 /* ReaditTests.xctest */ = {isa = PBXFileReference; explicitFileType = wrapper.cfbundle; includeInIndex = 0; path = ReaditTests.xctest; sourceTree = BUILT_PRODUCTS_DIR; };
		3BC3C6D429A4D2F600F54F04 /* ReaditTests.swift */ = {isa = PBXFileReference; lastKnownFileType = sourcecode.swift; path = ReaditTests.swift; sourceTree = "<group>"; };
		3BC3C6DA29A4D2F600F54F04 /* ReaditUITests.xctest */ = {isa = PBXFileReference; explicitFileType = wrapper.cfbundle; includeInIndex = 0; path = ReaditUITests.xctest; sourceTree = BUILT_PRODUCTS_DIR; };
		3BC3C6DE29A4D2F600F54F04 /* ReaditUITests.swift */ = {isa = PBXFileReference; lastKnownFileType = sourcecode.swift; path = ReaditUITests.swift; sourceTree = "<group>"; };
		3BC3C6E029A4D2F600F54F04 /* ReaditUITestsLaunchTests.swift */ = {isa = PBXFileReference; lastKnownFileType = sourcecode.swift; path = ReaditUITestsLaunchTests.swift; sourceTree = "<group>"; };
		3BC3C6EE29A4D30D00F54F04 /* Readit.xcdatamodel */ = {isa = PBXFileReference; lastKnownFileType = wrapper.xcdatamodel; path = Readit.xcdatamodel; sourceTree = "<group>"; };
		3BC3C6F029A4D36A00F54F04 /* DataController.swift */ = {isa = PBXFileReference; lastKnownFileType = sourcecode.swift; path = DataController.swift; sourceTree = "<group>"; };
		3BDBA91629A4DF1B0050DE19 /* AddBookView.swift */ = {isa = PBXFileReference; lastKnownFileType = sourcecode.swift; path = AddBookView.swift; sourceTree = "<group>"; };
/* End PBXFileReference section */

/* Begin PBXFrameworksBuildPhase section */
		3BC3C6BD29A4D2F000F54F04 /* Frameworks */ = {
			isa = PBXFrameworksBuildPhase;
			buildActionMask = 2147483647;
			files = (
			);
			runOnlyForDeploymentPostprocessing = 0;
		};
		3BC3C6CD29A4D2F600F54F04 /* Frameworks */ = {
			isa = PBXFrameworksBuildPhase;
			buildActionMask = 2147483647;
			files = (
			);
			runOnlyForDeploymentPostprocessing = 0;
		};
		3BC3C6D729A4D2F600F54F04 /* Frameworks */ = {
			isa = PBXFrameworksBuildPhase;
			buildActionMask = 2147483647;
			files = (
			);
			runOnlyForDeploymentPostprocessing = 0;
		};
/* End PBXFrameworksBuildPhase section */

/* Begin PBXGroup section */
		3BC3C6B729A4D2F000F54F04 = {
			isa = PBXGroup;
			children = (
				3BC3C6C229A4D2F000F54F04 /* Readit */,
				3BC3C6D329A4D2F600F54F04 /* ReaditTests */,
				3BC3C6DD29A4D2F600F54F04 /* ReaditUITests */,
				3BC3C6C129A4D2F000F54F04 /* Products */,
			);
			sourceTree = "<group>";
		};
		3BC3C6C129A4D2F000F54F04 /* Products */ = {
			isa = PBXGroup;
			children = (
				3BC3C6C029A4D2F000F54F04 /* Readit.app */,
				3BC3C6D029A4D2F600F54F04 /* ReaditTests.xctest */,
				3BC3C6DA29A4D2F600F54F04 /* ReaditUITests.xctest */,
			);
			name = Products;
			sourceTree = "<group>";
		};
		3BC3C6C229A4D2F000F54F04 /* Readit */ = {
			isa = PBXGroup;
			children = (
				3BC3C6C329A4D2F000F54F04 /* ReaditApp.swift */,
				3BC3C6C529A4D2F000F54F04 /* ContentView.swift */,
				3B1C82C329A51FFB004B9E15 /* EmojiRatingView.swift */,
				3B82B4B029A503B500CAD7BB /* RatingView.swift */,
				3BDBA91629A4DF1B0050DE19 /* AddBookView.swift */,
				3BC3C6ED29A4D30D00F54F04 /* Readit.xcdatamodeld */,
				3BC3C6F029A4D36A00F54F04 /* DataController.swift */,
				3BC3C6C729A4D2F600F54F04 /* Assets.xcassets */,
				3BC3C6C929A4D2F600F54F04 /* Preview Content */,
			);
			path = Readit;
			sourceTree = "<group>";
		};
		3BC3C6C929A4D2F600F54F04 /* Preview Content */ = {
			isa = PBXGroup;
			children = (
				3BC3C6CA29A4D2F600F54F04 /* Preview Assets.xcassets */,
			);
			path = "Preview Content";
			sourceTree = "<group>";
		};
		3BC3C6D329A4D2F600F54F04 /* ReaditTests */ = {
			isa = PBXGroup;
			children = (
				3BC3C6D429A4D2F600F54F04 /* ReaditTests.swift */,
			);
			path = ReaditTests;
			sourceTree = "<group>";
		};
		3BC3C6DD29A4D2F600F54F04 /* ReaditUITests */ = {
			isa = PBXGroup;
			children = (
				3BC3C6DE29A4D2F600F54F04 /* ReaditUITests.swift */,
				3BC3C6E029A4D2F600F54F04 /* ReaditUITestsLaunchTests.swift */,
			);
			path = ReaditUITests;
			sourceTree = "<group>";
		};
/* End PBXGroup section */

/* Begin PBXNativeTarget section */
		3BC3C6BF29A4D2F000F54F04 /* Readit */ = {
			isa = PBXNativeTarget;
			buildConfigurationList = 3BC3C6E429A4D2F600F54F04 /* Build configuration list for PBXNativeTarget "Readit" */;
			buildPhases = (
				3BC3C6BC29A4D2F000F54F04 /* Sources */,
				3BC3C6BD29A4D2F000F54F04 /* Frameworks */,
				3BC3C6BE29A4D2F000F54F04 /* Resources */,
			);
			buildRules = (
			);
			dependencies = (
			);
			name = Readit;
			productName = Readit;
			productReference = 3BC3C6C029A4D2F000F54F04 /* Readit.app */;
			productType = "com.apple.product-type.application";
		};
		3BC3C6CF29A4D2F600F54F04 /* ReaditTests */ = {
			isa = PBXNativeTarget;
			buildConfigurationList = 3BC3C6E729A4D2F600F54F04 /* Build configuration list for PBXNativeTarget "ReaditTests" */;
			buildPhases = (
				3BC3C6CC29A4D2F600F54F04 /* Sources */,
				3BC3C6CD29A4D2F600F54F04 /* Frameworks */,
				3BC3C6CE29A4D2F600F54F04 /* Resources */,
			);
			buildRules = (
			);
			dependencies = (
				3BC3C6D229A4D2F600F54F04 /* PBXTargetDependency */,
			);
			name = ReaditTests;
			productName = ReaditTests;
			productReference = 3BC3C6D029A4D2F600F54F04 /* ReaditTests.xctest */;
			productType = "com.apple.product-type.bundle.unit-test";
		};
		3BC3C6D929A4D2F600F54F04 /* ReaditUITests */ = {
			isa = PBXNativeTarget;
			buildConfigurationList = 3BC3C6EA29A4D2F600F54F04 /* Build configuration list for PBXNativeTarget "ReaditUITests" */;
			buildPhases = (
				3BC3C6D629A4D2F600F54F04 /* Sources */,
				3BC3C6D729A4D2F600F54F04 /* Frameworks */,
				3BC3C6D829A4D2F600F54F04 /* Resources */,
			);
			buildRules = (
			);
			dependencies = (
				3BC3C6DC29A4D2F600F54F04 /* PBXTargetDependency */,
			);
			name = ReaditUITests;
			productName = ReaditUITests;
			productReference = 3BC3C6DA29A4D2F600F54F04 /* ReaditUITests.xctest */;
			productType = "com.apple.product-type.bundle.ui-testing";
		};
/* End PBXNativeTarget section */

/* Begin PBXProject section */
		3BC3C6B829A4D2F000F54F04 /* Project object */ = {
			isa = PBXProject;
			attributes = {
				BuildIndependentTargetsInParallel = 1;
				LastSwiftUpdateCheck = 1420;
				LastUpgradeCheck = 1420;
				TargetAttributes = {
					3BC3C6BF29A4D2F000F54F04 = {
						CreatedOnToolsVersion = 14.2;
					};
					3BC3C6CF29A4D2F600F54F04 = {
						CreatedOnToolsVersion = 14.2;
						TestTargetID = 3BC3C6BF29A4D2F000F54F04;
					};
					3BC3C6D929A4D2F600F54F04 = {
						CreatedOnToolsVersion = 14.2;
						TestTargetID = 3BC3C6BF29A4D2F000F54F04;
					};
				};
			};
			buildConfigurationList = 3BC3C6BB29A4D2F000F54F04 /* Build configuration list for PBXProject "Readit" */;
			compatibilityVersion = "Xcode 14.0";
			developmentRegion = en;
			hasScannedForEncodings = 0;
			knownRegions = (
				en,
				Base,
			);
			mainGroup = 3BC3C6B729A4D2F000F54F04;
			productRefGroup = 3BC3C6C129A4D2F000F54F04 /* Products */;
			projectDirPath = "";
			projectRoot = "";
			targets = (
				3BC3C6BF29A4D2F000F54F04 /* Readit */,
				3BC3C6CF29A4D2F600F54F04 /* ReaditTests */,
				3BC3C6D929A4D2F600F54F04 /* ReaditUITests */,
			);
		};
/* End PBXProject section */

/* Begin PBXResourcesBuildPhase section */
		3BC3C6BE29A4D2F000F54F04 /* Resources */ = {
			isa = PBXResourcesBuildPhase;
			buildActionMask = 2147483647;
			files = (
				3BC3C6CB29A4D2F600F54F04 /* Preview Assets.xcassets in Resources */,
				3BC3C6C829A4D2F600F54F04 /* Assets.xcassets in Resources */,
			);
			runOnlyForDeploymentPostprocessing = 0;
		};
		3BC3C6CE29A4D2F600F54F04 /* Resources */ = {
			isa = PBXResourcesBuildPhase;
			buildActionMask = 2147483647;
			files = (
			);
			runOnlyForDeploymentPostprocessing = 0;
		};
		3BC3C6D829A4D2F600F54F04 /* Resources */ = {
			isa = PBXResourcesBuildPhase;
			buildActionMask = 2147483647;
			files = (
			);
			runOnlyForDeploymentPostprocessing = 0;
		};
/* End PBXResourcesBuildPhase section */

/* Begin PBXSourcesBuildPhase section */
		3BC3C6BC29A4D2F000F54F04 /* Sources */ = {
			isa = PBXSourcesBuildPhase;
			buildActionMask = 2147483647;
			files = (
				3BC3C6C629A4D2F000F54F04 /* ContentView.swift in Sources */,
				3BC3C6F129A4D36A00F54F04 /* DataController.swift in Sources */,
				3B1C82C429A51FFB004B9E15 /* EmojiRatingView.swift in Sources */,
				3BC3C6EF29A4D30D00F54F04 /* Readit.xcdatamodeld in Sources */,
				3B82B4B129A503B500CAD7BB /* RatingView.swift in Sources */,
				3BC3C6C429A4D2F000F54F04 /* ReaditApp.swift in Sources */,
				3BDBA91729A4DF1B0050DE19 /* AddBookView.swift in Sources */,
			);
			runOnlyForDeploymentPostprocessing = 0;
		};
		3BC3C6CC29A4D2F600F54F04 /* Sources */ = {
			isa = PBXSourcesBuildPhase;
			buildActionMask = 2147483647;
			files = (
				3BC3C6D529A4D2F600F54F04 /* ReaditTests.swift in Sources */,
			);
			runOnlyForDeploymentPostprocessing = 0;
		};
		3BC3C6D629A4D2F600F54F04 /* Sources */ = {
			isa = PBXSourcesBuildPhase;
			buildActionMask = 2147483647;
			files = (
				3BC3C6DF29A4D2F600F54F04 /* ReaditUITests.swift in Sources */,
				3BC3C6E129A4D2F600F54F04 /* ReaditUITestsLaunchTests.swift in Sources */,
			);
			runOnlyForDeploymentPostprocessing = 0;
		};
/* End PBXSourcesBuildPhase section */

/* Begin PBXTargetDependency section */
		3BC3C6D229A4D2F600F54F04 /* PBXTargetDependency */ = {
			isa = PBXTargetDependency;
			target = 3BC3C6BF29A4D2F000F54F04 /* Readit */;
			targetProxy = 3BC3C6D129A4D2F600F54F04 /* PBXContainerItemProxy */;
		};
		3BC3C6DC29A4D2F600F54F04 /* PBXTargetDependency */ = {
			isa = PBXTargetDependency;
			target = 3BC3C6BF29A4D2F000F54F04 /* Readit */;
			targetProxy = 3BC3C6DB29A4D2F600F54F04 /* PBXContainerItemProxy */;
		};
/* End PBXTargetDependency section */

/* Begin XCBuildConfiguration section */
		3BC3C6E229A4D2F600F54F04 /* Debug */ = {
			isa = XCBuildConfiguration;
			buildSettings = {
				ALWAYS_SEARCH_USER_PATHS = NO;
				CLANG_ANALYZER_NONNULL = YES;
				CLANG_ANALYZER_NUMBER_OBJECT_CONVERSION = YES_AGGRESSIVE;
				CLANG_CXX_LANGUAGE_STANDARD = "gnu++20";
				CLANG_ENABLE_MODULES = YES;
				CLANG_ENABLE_OBJC_ARC = YES;
				CLANG_ENABLE_OBJC_WEAK = YES;
				CLANG_WARN_BLOCK_CAPTURE_AUTORELEASING = YES;
				CLANG_WARN_BOOL_CONVERSION = YES;
				CLANG_WARN_COMMA = YES;
				CLANG_WARN_CONSTANT_CONVERSION = YES;
				CLANG_WARN_DEPRECATED_OBJC_IMPLEMENTATIONS = YES;
				CLANG_WARN_DIRECT_OBJC_ISA_USAGE = YES_ERROR;
				CLANG_WARN_DOCUMENTATION_COMMENTS = YES;
				CLANG_WARN_EMPTY_BODY = YES;
				CLANG_WARN_ENUM_CONVERSION = YES;
				CLANG_WARN_INFINITE_RECURSION = YES;
				CLANG_WARN_INT_CONVERSION = YES;
				CLANG_WARN_NON_LITERAL_NULL_CONVERSION = YES;
				CLANG_WARN_OBJC_IMPLICIT_RETAIN_SELF = YES;
				CLANG_WARN_OBJC_LITERAL_CONVERSION = YES;
				CLANG_WARN_OBJC_ROOT_CLASS = YES_ERROR;
				CLANG_WARN_QUOTED_INCLUDE_IN_FRAMEWORK_HEADER = YES;
				CLANG_WARN_RANGE_LOOP_ANALYSIS = YES;
				CLANG_WARN_STRICT_PROTOTYPES = YES;
				CLANG_WARN_SUSPICIOUS_MOVE = YES;
				CLANG_WARN_UNGUARDED_AVAILABILITY = YES_AGGRESSIVE;
				CLANG_WARN_UNREACHABLE_CODE = YES;
				CLANG_WARN__DUPLICATE_METHOD_MATCH = YES;
				COPY_PHASE_STRIP = NO;
				DEBUG_INFORMATION_FORMAT = dwarf;
				ENABLE_STRICT_OBJC_MSGSEND = YES;
				ENABLE_TESTABILITY = YES;
				GCC_C_LANGUAGE_STANDARD = gnu11;
				GCC_DYNAMIC_NO_PIC = NO;
				GCC_NO_COMMON_BLOCKS = YES;
				GCC_OPTIMIZATION_LEVEL = 0;
				GCC_PREPROCESSOR_DEFINITIONS = (
					"DEBUG=1",
					"$(inherited)",
				);
				GCC_WARN_64_TO_32_BIT_CONVERSION = YES;
				GCC_WARN_ABOUT_RETURN_TYPE = YES_ERROR;
				GCC_WARN_UNDECLARED_SELECTOR = YES;
				GCC_WARN_UNINITIALIZED_AUTOS = YES_AGGRESSIVE;
				GCC_WARN_UNUSED_FUNCTION = YES;
				GCC_WARN_UNUSED_VARIABLE = YES;
				IPHONEOS_DEPLOYMENT_TARGET = 16.2;
				MTL_ENABLE_DEBUG_INFO = INCLUDE_SOURCE;
				MTL_FAST_MATH = YES;
				ONLY_ACTIVE_ARCH = YES;
				SDKROOT = iphoneos;
				SWIFT_ACTIVE_COMPILATION_CONDITIONS = DEBUG;
				SWIFT_OPTIMIZATION_LEVEL = "-Onone";
			};
			name = Debug;
		};
		3BC3C6E329A4D2F600F54F04 /* Release */ = {
			isa = XCBuildConfiguration;
			buildSettings = {
				ALWAYS_SEARCH_USER_PATHS = NO;
				CLANG_ANALYZER_NONNULL = YES;
				CLANG_ANALYZER_NUMBER_OBJECT_CONVERSION = YES_AGGRESSIVE;
				CLANG_CXX_LANGUAGE_STANDARD = "gnu++20";
				CLANG_ENABLE_MODULES = YES;
				CLANG_ENABLE_OBJC_ARC = YES;
				CLANG_ENABLE_OBJC_WEAK = YES;
				CLANG_WARN_BLOCK_CAPTURE_AUTORELEASING = YES;
				CLANG_WARN_BOOL_CONVERSION = YES;
				CLANG_WARN_COMMA = YES;
				CLANG_WARN_CONSTANT_CONVERSION = YES;
				CLANG_WARN_DEPRECATED_OBJC_IMPLEMENTATIONS = YES;
				CLANG_WARN_DIRECT_OBJC_ISA_USAGE = YES_ERROR;
				CLANG_WARN_DOCUMENTATION_COMMENTS = YES;
				CLANG_WARN_EMPTY_BODY = YES;
				CLANG_WARN_ENUM_CONVERSION = YES;
				CLANG_WARN_INFINITE_RECURSION = YES;
				CLANG_WARN_INT_CONVERSION = YES;
				CLANG_WARN_NON_LITERAL_NULL_CONVERSION = YES;
				CLANG_WARN_OBJC_IMPLICIT_RETAIN_SELF = YES;
				CLANG_WARN_OBJC_LITERAL_CONVERSION = YES;
				CLANG_WARN_OBJC_ROOT_CLASS = YES_ERROR;
				CLANG_WARN_QUOTED_INCLUDE_IN_FRAMEWORK_HEADER = YES;
				CLANG_WARN_RANGE_LOOP_ANALYSIS = YES;
				CLANG_WARN_STRICT_PROTOTYPES = YES;
				CLANG_WARN_SUSPICIOUS_MOVE = YES;
				CLANG_WARN_UNGUARDED_AVAILABILITY = YES_AGGRESSIVE;
				CLANG_WARN_UNREACHABLE_CODE = YES;
				CLANG_WARN__DUPLICATE_METHOD_MATCH = YES;
				COPY_PHASE_STRIP = NO;
				DEBUG_INFORMATION_FORMAT = "dwarf-with-dsym";
				ENABLE_NS_ASSERTIONS = NO;
				ENABLE_STRICT_OBJC_MSGSEND = YES;
				GCC_C_LANGUAGE_STANDARD = gnu11;
				GCC_NO_COMMON_BLOCKS = YES;
				GCC_WARN_64_TO_32_BIT_CONVERSION = YES;
				GCC_WARN_ABOUT_RETURN_TYPE = YES_ERROR;
				GCC_WARN_UNDECLARED_SELECTOR = YES;
				GCC_WARN_UNINITIALIZED_AUTOS = YES_AGGRESSIVE;
				GCC_WARN_UNUSED_FUNCTION = YES;
				GCC_WARN_UNUSED_VARIABLE = YES;
				IPHONEOS_DEPLOYMENT_TARGET = 16.2;
				MTL_ENABLE_DEBUG_INFO = NO;
				MTL_FAST_MATH = YES;
				SDKROOT = iphoneos;
				SWIFT_COMPILATION_MODE = wholemodule;
				SWIFT_OPTIMIZATION_LEVEL = "-O";
				VALIDATE_PRODUCT = YES;
			};
			name = Release;
		};
		3BC3C6E529A4D2F600F54F04 /* Debug */ = {
			isa = XCBuildConfiguration;
			buildSettings = {
				ASSETCATALOG_COMPILER_APPICON_NAME = AppIcon;
				ASSETCATALOG_COMPILER_GLOBAL_ACCENT_COLOR_NAME = AccentColor;
				CODE_SIGN_STYLE = Automatic;
				CURRENT_PROJECT_VERSION = 1;
				DEVELOPMENT_ASSET_PATHS = "\"Readit/Preview Content\"";
				DEVELOPMENT_TEAM = AU78J6ZQ6B;
				ENABLE_PREVIEWS = YES;
				GENERATE_INFOPLIST_FILE = YES;
				INFOPLIST_KEY_UIApplicationSceneManifest_Generation = YES;
				INFOPLIST_KEY_UIApplicationSupportsIndirectInputEvents = YES;
				INFOPLIST_KEY_UILaunchScreen_Generation = YES;
				INFOPLIST_KEY_UISupportedInterfaceOrientations_iPad = "UIInterfaceOrientationPortrait UIInterfaceOrientationPortraitUpsideDown UIInterfaceOrientationLandscapeLeft UIInterfaceOrientationLandscapeRight";
				INFOPLIST_KEY_UISupportedInterfaceOrientations_iPhone = "UIInterfaceOrientationPortrait UIInterfaceOrientationLandscapeLeft UIInterfaceOrientationLandscapeRight";
				LD_RUNPATH_SEARCH_PATHS = (
					"$(inherited)",
					"@executable_path/Frameworks",
				);
				MARKETING_VERSION = 1.0;
				PRODUCT_BUNDLE_IDENTIFIER = com.schovanec.jakub.Readit;
				PRODUCT_NAME = "$(TARGET_NAME)";
				SWIFT_EMIT_LOC_STRINGS = YES;
				SWIFT_VERSION = 5.0;
				TARGETED_DEVICE_FAMILY = "1,2";
			};
			name = Debug;
		};
		3BC3C6E629A4D2F600F54F04 /* Release */ = {
			isa = XCBuildConfiguration;
			buildSettings = {
				ASSETCATALOG_COMPILER_APPICON_NAME = AppIcon;
				ASSETCATALOG_COMPILER_GLOBAL_ACCENT_COLOR_NAME = AccentColor;
				CODE_SIGN_STYLE = Automatic;
				CURRENT_PROJECT_VERSION = 1;
				DEVELOPMENT_ASSET_PATHS = "\"Readit/Preview Content\"";
				DEVELOPMENT_TEAM = AU78J6ZQ6B;
				ENABLE_PREVIEWS = YES;
				GENERATE_INFOPLIST_FILE = YES;
				INFOPLIST_KEY_UIApplicationSceneManifest_Generation = YES;
				INFOPLIST_KEY_UIApplicationSupportsIndirectInputEvents = YES;
				INFOPLIST_KEY_UILaunchScreen_Generation = YES;
				INFOPLIST_KEY_UISupportedInterfaceOrientations_iPad = "UIInterfaceOrientationPortrait UIInterfaceOrientationPortraitUpsideDown UIInterfaceOrientationLandscapeLeft UIInterfaceOrientationLandscapeRight";
				INFOPLIST_KEY_UISupportedInterfaceOrientations_iPhone = "UIInterfaceOrientationPortrait UIInterfaceOrientationLandscapeLeft UIInterfaceOrientationLandscapeRight";
				LD_RUNPATH_SEARCH_PATHS = (
					"$(inherited)",
					"@executable_path/Frameworks",
				);
				MARKETING_VERSION = 1.0;
				PRODUCT_BUNDLE_IDENTIFIER = com.schovanec.jakub.Readit;
				PRODUCT_NAME = "$(TARGET_NAME)";
				SWIFT_EMIT_LOC_STRINGS = YES;
				SWIFT_VERSION = 5.0;
				TARGETED_DEVICE_FAMILY = "1,2";
			};
			name = Release;
		};
		3BC3C6E829A4D2F600F54F04 /* Debug */ = {
			isa = XCBuildConfiguration;
			buildSettings = {
				ALWAYS_EMBED_SWIFT_STANDARD_LIBRARIES = YES;
				BUNDLE_LOADER = "$(TEST_HOST)";
				CODE_SIGN_STYLE = Automatic;
				CURRENT_PROJECT_VERSION = 1;
				DEVELOPMENT_TEAM = AU78J6ZQ6B;
				GENERATE_INFOPLIST_FILE = YES;
				IPHONEOS_DEPLOYMENT_TARGET = 16.2;
				MARKETING_VERSION = 1.0;
				PRODUCT_BUNDLE_IDENTIFIER = com.schovanec.jakub.ReaditTests;
				PRODUCT_NAME = "$(TARGET_NAME)";
				SWIFT_EMIT_LOC_STRINGS = NO;
				SWIFT_VERSION = 5.0;
				TARGETED_DEVICE_FAMILY = "1,2";
				TEST_HOST = "$(BUILT_PRODUCTS_DIR)/Readit.app/$(BUNDLE_EXECUTABLE_FOLDER_PATH)/Readit";
			};
			name = Debug;
		};
		3BC3C6E929A4D2F600F54F04 /* Release */ = {
			isa = XCBuildConfiguration;
			buildSettings = {
				ALWAYS_EMBED_SWIFT_STANDARD_LIBRARIES = YES;
				BUNDLE_LOADER = "$(TEST_HOST)";
				CODE_SIGN_STYLE = Automatic;
				CURRENT_PROJECT_VERSION = 1;
				DEVELOPMENT_TEAM = AU78J6ZQ6B;
				GENERATE_INFOPLIST_FILE = YES;
				IPHONEOS_DEPLOYMENT_TARGET = 16.2;
				MARKETING_VERSION = 1.0;
				PRODUCT_BUNDLE_IDENTIFIER = com.schovanec.jakub.ReaditTests;
				PRODUCT_NAME = "$(TARGET_NAME)";
				SWIFT_EMIT_LOC_STRINGS = NO;
				SWIFT_VERSION = 5.0;
				TARGETED_DEVICE_FAMILY = "1,2";
				TEST_HOST = "$(BUILT_PRODUCTS_DIR)/Readit.app/$(BUNDLE_EXECUTABLE_FOLDER_PATH)/Readit";
			};
			name = Release;
		};
		3BC3C6EB29A4D2F600F54F04 /* Debug */ = {
			isa = XCBuildConfiguration;
			buildSettings = {
				ALWAYS_EMBED_SWIFT_STANDARD_LIBRARIES = YES;
				CODE_SIGN_STYLE = Automatic;
				CURRENT_PROJECT_VERSION = 1;
				DEVELOPMENT_TEAM = AU78J6ZQ6B;
				GENERATE_INFOPLIST_FILE = YES;
				MARKETING_VERSION = 1.0;
				PRODUCT_BUNDLE_IDENTIFIER = com.schovanec.jakub.ReaditUITests;
				PRODUCT_NAME = "$(TARGET_NAME)";
				SWIFT_EMIT_LOC_STRINGS = NO;
				SWIFT_VERSION = 5.0;
				TARGETED_DEVICE_FAMILY = "1,2";
				TEST_TARGET_NAME = Readit;
			};
			name = Debug;
		};
		3BC3C6EC29A4D2F600F54F04 /* Release */ = {
			isa = XCBuildConfiguration;
			buildSettings = {
				ALWAYS_EMBED_SWIFT_STANDARD_LIBRARIES = YES;
				CODE_SIGN_STYLE = Automatic;
				CURRENT_PROJECT_VERSION = 1;
				DEVELOPMENT_TEAM = AU78J6ZQ6B;
				GENERATE_INFOPLIST_FILE = YES;
				MARKETING_VERSION = 1.0;
				PRODUCT_BUNDLE_IDENTIFIER = com.schovanec.jakub.ReaditUITests;
				PRODUCT_NAME = "$(TARGET_NAME)";
				SWIFT_EMIT_LOC_STRINGS = NO;
				SWIFT_VERSION = 5.0;
				TARGETED_DEVICE_FAMILY = "1,2";
				TEST_TARGET_NAME = Readit;
			};
			name = Release;
		};
/* End XCBuildConfiguration section */

/* Begin XCConfigurationList section */
		3BC3C6BB29A4D2F000F54F04 /* Build configuration list for PBXProject "Readit" */ = {
			isa = XCConfigurationList;
			buildConfigurations = (
				3BC3C6E229A4D2F600F54F04 /* Debug */,
				3BC3C6E329A4D2F600F54F04 /* Release */,
			);
			defaultConfigurationIsVisible = 0;
			defaultConfigurationName = Release;
		};
		3BC3C6E429A4D2F600F54F04 /* Build configuration list for PBXNativeTarget "Readit" */ = {
			isa = XCConfigurationList;
			buildConfigurations = (
				3BC3C6E529A4D2F600F54F04 /* Debug */,
				3BC3C6E629A4D2F600F54F04 /* Release */,
			);
			defaultConfigurationIsVisible = 0;
			defaultConfigurationName = Release;
		};
		3BC3C6E729A4D2F600F54F04 /* Build configuration list for PBXNativeTarget "ReaditTests" */ = {
			isa = XCConfigurationList;
			buildConfigurations = (
				3BC3C6E829A4D2F600F54F04 /* Debug */,
				3BC3C6E929A4D2F600F54F04 /* Release */,
			);
			defaultConfigurationIsVisible = 0;
			defaultConfigurationName = Release;
		};
		3BC3C6EA29A4D2F600F54F04 /* Build configuration list for PBXNativeTarget "ReaditUITests" */ = {
			isa = XCConfigurationList;
			buildConfigurations = (
				3BC3C6EB29A4D2F600F54F04 /* Debug */,
				3BC3C6EC29A4D2F600F54F04 /* Release */,
			);
			defaultConfigurationIsVisible = 0;
			defaultConfigurationName = Release;
		};
/* End XCConfigurationList section */

/* Begin XCVersionGroup section */
		3BC3C6ED29A4D30D00F54F04 /* Readit.xcdatamodeld */ = {
			isa = XCVersionGroup;
			children = (
				3BC3C6EE29A4D30D00F54F04 /* Readit.xcdatamodel */,
			);
			currentVersion = 3BC3C6EE29A4D30D00F54F04 /* Readit.xcdatamodel */;
			path = Readit.xcdatamodeld;
			sourceTree = "<group>";
			versionGroupType = wrapper.xcdatamodel;
		};
/* End XCVersionGroup section */
	};
	rootObject = 3BC3C6B829A4D2F000F54F04 /* Project object */;
}
